// !$*UTF8*$!
{
	archiveVersion = 1;
	classes = {
	};
	objectVersion = 46;
	objects = {

/* Begin PBXBuildFile section */
		2166794D1EC3FF5000D3A60D /* CoordinateSystemInfoView.m in Sources */ = {isa = PBXBuildFile; fileRef = 2166794C1EC3FF5000D3A60D /* CoordinateSystemInfoView.m */; };
		2166794F1EC3FF5900D3A60D /* CoordinateSystemInfoView.xib in Resources */ = {isa = PBXBuildFile; fileRef = 2166794E1EC3FF5900D3A60D /* CoordinateSystemInfoView.xib */; };
		216679511EC55ADB00D3A60D /* CoordinateSystem_2.png in Resources */ = {isa = PBXBuildFile; fileRef = 216679501EC55ADB00D3A60D /* CoordinateSystem_2.png */; };
		216C68E01E5BF11600CD6BE6 /* main.m in Sources */ = {isa = PBXBuildFile; fileRef = 216C68DF1E5BF11600CD6BE6 /* main.m */; };
		216C68E31E5BF11600CD6BE6 /* AppDelegate.m in Sources */ = {isa = PBXBuildFile; fileRef = 216C68E21E5BF11600CD6BE6 /* AppDelegate.m */; };
		216C68E91E5BF11600CD6BE6 /* Main.storyboard in Resources */ = {isa = PBXBuildFile; fileRef = 216C68E71E5BF11600CD6BE6 /* Main.storyboard */; };
		216C68EC1E5BF11600CD6BE6 /* LearnOpenGLES.xcdatamodeld in Sources */ = {isa = PBXBuildFile; fileRef = 216C68EA1E5BF11600CD6BE6 /* LearnOpenGLES.xcdatamodeld */; };
		216C68EE1E5BF11600CD6BE6 /* Assets.xcassets in Resources */ = {isa = PBXBuildFile; fileRef = 216C68ED1E5BF11600CD6BE6 /* Assets.xcassets */; };
		216C68F11E5BF11600CD6BE6 /* LaunchScreen.storyboard in Resources */ = {isa = PBXBuildFile; fileRef = 216C68EF1E5BF11600CD6BE6 /* LaunchScreen.storyboard */; };
		216C68FA1E5BF12600CD6BE6 /* RootViewController.m in Sources */ = {isa = PBXBuildFile; fileRef = 216C68F91E5BF12600CD6BE6 /* RootViewController.m */; };
		216C69021E5C1C7C00CD6BE6 /* ShowViewController.m in Sources */ = {isa = PBXBuildFile; fileRef = 216C69011E5C1C7C00CD6BE6 /* ShowViewController.m */; };
		216C690F1E5C1E2100CD6BE6 /* ParentView.m in Sources */ = {isa = PBXBuildFile; fileRef = 216C690E1E5C1E2100CD6BE6 /* ParentView.m */; };
		218F68C61E839AEB0050FF5D /* 3DTransform_1.jpg in Resources */ = {isa = PBXBuildFile; fileRef = 218F68C51E839AEB0050FF5D /* 3DTransform_1.jpg */; };
		219517F41E94A1CE00A5D58B /* Texture3_1.png in Resources */ = {isa = PBXBuildFile; fileRef = 219517EE1E94A1CE00A5D58B /* Texture3_1.png */; };
		219517F51E94A1CE00A5D58B /* Texture3_2.png in Resources */ = {isa = PBXBuildFile; fileRef = 219517EF1E94A1CE00A5D58B /* Texture3_2.png */; };
		219517F61E94A1CE00A5D58B /* Texture3_3.png in Resources */ = {isa = PBXBuildFile; fileRef = 219517F01E94A1CE00A5D58B /* Texture3_3.png */; };
		219517F71E94A1CE00A5D58B /* Texture3_4.png in Resources */ = {isa = PBXBuildFile; fileRef = 219517F11E94A1CE00A5D58B /* Texture3_4.png */; };
		219517F81E94A1CE00A5D58B /* Texture3_5.png in Resources */ = {isa = PBXBuildFile; fileRef = 219517F21E94A1CE00A5D58B /* Texture3_5.png */; };
		219517F91E94A1CE00A5D58B /* Texture3_6.png in Resources */ = {isa = PBXBuildFile; fileRef = 219517F31E94A1CE00A5D58B /* Texture3_6.png */; };
		219517FE1E94A1E000A5D58B /* OpenGLES_Texture3.m in Sources */ = {isa = PBXBuildFile; fileRef = 219517FB1E94A1E000A5D58B /* OpenGLES_Texture3.m */; };
		219517FF1E94A1E000A5D58B /* Texture3Fragment.glsl in Resources */ = {isa = PBXBuildFile; fileRef = 219517FC1E94A1E000A5D58B /* Texture3Fragment.glsl */; };
		219518001E94A1E000A5D58B /* Texture3Vertex.glsl in Resources */ = {isa = PBXBuildFile; fileRef = 219517FD1E94A1E000A5D58B /* Texture3Vertex.glsl */; };
		219EFEBF1EC31C310034C754 /* CoordinateSystem_1.jpg in Resources */ = {isa = PBXBuildFile; fileRef = 219EFEBE1EC31C310034C754 /* CoordinateSystem_1.jpg */; };
		21C0AD831EC1905500AB0250 /* OpenGLES_CoordinateSystem.m in Sources */ = {isa = PBXBuildFile; fileRef = 21C0AD821EC1905500AB0250 /* OpenGLES_CoordinateSystem.m */; };
		21C0AD851EC1933D00AB0250 /* CoordinateSystemFragment.glsl in Resources */ = {isa = PBXBuildFile; fileRef = 21C0AD841EC1933D00AB0250 /* CoordinateSystemFragment.glsl */; };
		21C0AD871EC1935300AB0250 /* CoordinateSystemVertex.glsl in Resources */ = {isa = PBXBuildFile; fileRef = 21C0AD861EC1935300AB0250 /* CoordinateSystemVertex.glsl */; };
		21CCFBE41E6E91C100F3622D /* OpenGLES_Texture.m in Sources */ = {isa = PBXBuildFile; fileRef = 21CCFBE31E6E91C100F3622D /* OpenGLES_Texture.m */; };
		21CCFBE61E6E92E800F3622D /* TextureVertex.glsl in Resources */ = {isa = PBXBuildFile; fileRef = 21CCFBE51E6E92E800F3622D /* TextureVertex.glsl */; };
		21CCFBE81E6E92F600F3622D /* TextureFragment.glsl in Resources */ = {isa = PBXBuildFile; fileRef = 21CCFBE71E6E92F600F3622D /* TextureFragment.glsl */; };
		21CCFC251E6FB70A00F3622D /* Texture1.jpg in Resources */ = {isa = PBXBuildFile; fileRef = 21CCFC241E6FB70A00F3622D /* Texture1.jpg */; };
		21CCFC291E6FE0A900F3622D /* TextureManager.m in Sources */ = {isa = PBXBuildFile; fileRef = 21CCFC281E6FE0A900F3622D /* TextureManager.m */; };
		21CCFC2F1E6FFDD600F3622D /* Texture2.jpg in Resources */ = {isa = PBXBuildFile; fileRef = 21CCFC2E1E6FFDD600F3622D /* Texture2.jpg */; };
		21E9AADF1E5C2057006DD8D3 /* OpenGLES_Rectangle.m in Sources */ = {isa = PBXBuildFile; fileRef = 21E9AADE1E5C2057006DD8D3 /* OpenGLES_Rectangle.m */; };
		21E9AAE21E5C25F6006DD8D3 /* OpenGLES.framework in Frameworks */ = {isa = PBXBuildFile; fileRef = 21E9AAE11E5C25F6006DD8D3 /* OpenGLES.framework */; };
		21E9AAE41E5C3BA1006DD8D3 /* RectangleVertex.glsl in Resources */ = {isa = PBXBuildFile; fileRef = 21E9AAE31E5C3BA1006DD8D3 /* RectangleVertex.glsl */; };
		21E9AAE61E5C3BC4006DD8D3 /* RectangleFragment.glsl in Resources */ = {isa = PBXBuildFile; fileRef = 21E9AAE51E5C3BC4006DD8D3 /* RectangleFragment.glsl */; };
		21F174841E7942A4008004B1 /* OpenGLES_Texture2.m in Sources */ = {isa = PBXBuildFile; fileRef = 21F174831E7942A4008004B1 /* OpenGLES_Texture2.m */; };
		21F174861E7948A2008004B1 /* Texture2Vertex.glsl in Resources */ = {isa = PBXBuildFile; fileRef = 21F174851E7948A2008004B1 /* Texture2Vertex.glsl */; };
		21F174881E7948AF008004B1 /* Texture2Fragment.glsl in Resources */ = {isa = PBXBuildFile; fileRef = 21F174871E7948AF008004B1 /* Texture2Fragment.glsl */; };
		21F1748C1E7956B2008004B1 /* Texture2_1.png in Resources */ = {isa = PBXBuildFile; fileRef = 21F1748B1E7956B2008004B1 /* Texture2_1.png */; };
		21F174921E7A39E3008004B1 /* OpenGLES_Texture2_OperationView.m in Sources */ = {isa = PBXBuildFile; fileRef = 21F174911E7A39E3008004B1 /* OpenGLES_Texture2_OperationView.m */; };
		21F174941E7A3AD3008004B1 /* OpenGLES_Texture2_OperationView.xib in Resources */ = {isa = PBXBuildFile; fileRef = 21F174931E7A3AD3008004B1 /* OpenGLES_Texture2_OperationView.xib */; };
		21F174961E7AB7E2008004B1 /* Texture2_2.jpg in Resources */ = {isa = PBXBuildFile; fileRef = 21F174951E7AB7E2008004B1 /* Texture2_2.jpg */; };
		21F1749A1E7FB71F008004B1 /* OpenGLES_3DTransform.m in Sources */ = {isa = PBXBuildFile; fileRef = 21F174991E7FB71F008004B1 /* OpenGLES_3DTransform.m */; };
		21F1749C1E7FB74F008004B1 /* 3DTransformVertex.glsl in Resources */ = {isa = PBXBuildFile; fileRef = 21F1749B1E7FB74F008004B1 /* 3DTransformVertex.glsl */; };
		21F1749E1E7FB760008004B1 /* 3DTransformFragment.glsl in Resources */ = {isa = PBXBuildFile; fileRef = 21F1749D1E7FB760008004B1 /* 3DTransformFragment.glsl */; };
		21F174A01E7FFED0008004B1 /* GLKit.framework in Frameworks */ = {isa = PBXBuildFile; fileRef = 21F1749F1E7FFED0008004B1 /* GLKit.framework */; };
		21F174A31E800240008004B1 /* OpenGLES_3DTransform_OperationView.m in Sources */ = {isa = PBXBuildFile; fileRef = 21F174A21E800240008004B1 /* OpenGLES_3DTransform_OperationView.m */; };
		21F174A51E800247008004B1 /* OpenGLES_3DTransform_OperationView.xib in Resources */ = {isa = PBXBuildFile; fileRef = 21F174A41E800247008004B1 /* OpenGLES_3DTransform_OperationView.xib */; };
/* End PBXBuildFile section */

/* Begin PBXFileReference section */
		2166794B1EC3FF5000D3A60D /* CoordinateSystemInfoView.h */ = {isa = PBXFileReference; fileEncoding = 4; lastKnownFileType = sourcecode.c.h; path = CoordinateSystemInfoView.h; sourceTree = "<group>"; };
		2166794C1EC3FF5000D3A60D /* CoordinateSystemInfoView.m */ = {isa = PBXFileReference; fileEncoding = 4; lastKnownFileType = sourcecode.c.objc; path = CoordinateSystemInfoView.m; sourceTree = "<group>"; };
		2166794E1EC3FF5900D3A60D /* CoordinateSystemInfoView.xib */ = {isa = PBXFileReference; fileEncoding = 4; lastKnownFileType = file.xib; path = CoordinateSystemInfoView.xib; sourceTree = "<group>"; };
		216679501EC55ADB00D3A60D /* CoordinateSystem_2.png */ = {isa = PBXFileReference; lastKnownFileType = image.png; path = CoordinateSystem_2.png; sourceTree = "<group>"; };
		216C68DB1E5BF11600CD6BE6 /* LearnOpenGLES.app */ = {isa = PBXFileReference; explicitFileType = wrapper.application; includeInIndex = 0; path = LearnOpenGLES.app; sourceTree = BUILT_PRODUCTS_DIR; };
		216C68DF1E5BF11600CD6BE6 /* main.m */ = {isa = PBXFileReference; lastKnownFileType = sourcecode.c.objc; path = main.m; sourceTree = "<group>"; };
		216C68E11E5BF11600CD6BE6 /* AppDelegate.h */ = {isa = PBXFileReference; lastKnownFileType = sourcecode.c.h; path = AppDelegate.h; sourceTree = "<group>"; };
		216C68E21E5BF11600CD6BE6 /* AppDelegate.m */ = {isa = PBXFileReference; lastKnownFileType = sourcecode.c.objc; path = AppDelegate.m; sourceTree = "<group>"; };
		216C68E81E5BF11600CD6BE6 /* Base */ = {isa = PBXFileReference; lastKnownFileType = file.storyboard; name = Base; path = Base.lproj/Main.storyboard; sourceTree = "<group>"; };
		216C68EB1E5BF11600CD6BE6 /* LearnOpenGLES.xcdatamodel */ = {isa = PBXFileReference; lastKnownFileType = wrapper.xcdatamodel; path = LearnOpenGLES.xcdatamodel; sourceTree = "<group>"; };
		216C68ED1E5BF11600CD6BE6 /* Assets.xcassets */ = {isa = PBXFileReference; lastKnownFileType = folder.assetcatalog; path = Assets.xcassets; sourceTree = "<group>"; };
		216C68F01E5BF11600CD6BE6 /* Base */ = {isa = PBXFileReference; lastKnownFileType = file.storyboard; name = Base; path = Base.lproj/LaunchScreen.storyboard; sourceTree = "<group>"; };
		216C68F21E5BF11600CD6BE6 /* Info.plist */ = {isa = PBXFileReference; lastKnownFileType = text.plist.xml; path = Info.plist; sourceTree = "<group>"; };
		216C68F81E5BF12600CD6BE6 /* RootViewController.h */ = {isa = PBXFileReference; fileEncoding = 4; lastKnownFileType = sourcecode.c.h; path = RootViewController.h; sourceTree = "<group>"; };
		216C68F91E5BF12600CD6BE6 /* RootViewController.m */ = {isa = PBXFileReference; fileEncoding = 4; lastKnownFileType = sourcecode.c.objc; path = RootViewController.m; sourceTree = "<group>"; };
		216C69001E5C1C7C00CD6BE6 /* ShowViewController.h */ = {isa = PBXFileReference; fileEncoding = 4; lastKnownFileType = sourcecode.c.h; path = ShowViewController.h; sourceTree = "<group>"; };
		216C69011E5C1C7C00CD6BE6 /* ShowViewController.m */ = {isa = PBXFileReference; fileEncoding = 4; lastKnownFileType = sourcecode.c.objc; path = ShowViewController.m; sourceTree = "<group>"; };
		216C690D1E5C1E2100CD6BE6 /* ParentView.h */ = {isa = PBXFileReference; fileEncoding = 4; lastKnownFileType = sourcecode.c.h; path = ParentView.h; sourceTree = "<group>"; };
		216C690E1E5C1E2100CD6BE6 /* ParentView.m */ = {isa = PBXFileReference; fileEncoding = 4; lastKnownFileType = sourcecode.c.objc; path = ParentView.m; sourceTree = "<group>"; };
		218F68C51E839AEB0050FF5D /* 3DTransform_1.jpg */ = {isa = PBXFileReference; lastKnownFileType = image.jpeg; path = 3DTransform_1.jpg; sourceTree = "<group>"; };
		219517EE1E94A1CE00A5D58B /* Texture3_1.png */ = {isa = PBXFileReference; lastKnownFileType = image.png; path = Texture3_1.png; sourceTree = "<group>"; };
		219517EF1E94A1CE00A5D58B /* Texture3_2.png */ = {isa = PBXFileReference; lastKnownFileType = image.png; path = Texture3_2.png; sourceTree = "<group>"; };
		219517F01E94A1CE00A5D58B /* Texture3_3.png */ = {isa = PBXFileReference; lastKnownFileType = image.png; path = Texture3_3.png; sourceTree = "<group>"; };
		219517F11E94A1CE00A5D58B /* Texture3_4.png */ = {isa = PBXFileReference; lastKnownFileType = image.png; path = Texture3_4.png; sourceTree = "<group>"; };
		219517F21E94A1CE00A5D58B /* Texture3_5.png */ = {isa = PBXFileReference; lastKnownFileType = image.png; path = Texture3_5.png; sourceTree = "<group>"; };
		219517F31E94A1CE00A5D58B /* Texture3_6.png */ = {isa = PBXFileReference; lastKnownFileType = image.png; path = Texture3_6.png; sourceTree = "<group>"; };
		219517FA1E94A1E000A5D58B /* OpenGLES_Texture3.h */ = {isa = PBXFileReference; fileEncoding = 4; lastKnownFileType = sourcecode.c.h; path = OpenGLES_Texture3.h; sourceTree = "<group>"; };
		219517FB1E94A1E000A5D58B /* OpenGLES_Texture3.m */ = {isa = PBXFileReference; fileEncoding = 4; lastKnownFileType = sourcecode.c.objc; path = OpenGLES_Texture3.m; sourceTree = "<group>"; };
		219517FC1E94A1E000A5D58B /* Texture3Fragment.glsl */ = {isa = PBXFileReference; fileEncoding = 4; lastKnownFileType = text; path = Texture3Fragment.glsl; sourceTree = "<group>"; };
		219517FD1E94A1E000A5D58B /* Texture3Vertex.glsl */ = {isa = PBXFileReference; fileEncoding = 4; lastKnownFileType = text; path = Texture3Vertex.glsl; sourceTree = "<group>"; };
		219EFEBE1EC31C310034C754 /* CoordinateSystem_1.jpg */ = {isa = PBXFileReference; lastKnownFileType = image.jpeg; path = CoordinateSystem_1.jpg; sourceTree = "<group>"; };
		21C0AD811EC1905500AB0250 /* OpenGLES_CoordinateSystem.h */ = {isa = PBXFileReference; fileEncoding = 4; lastKnownFileType = sourcecode.c.h; path = OpenGLES_CoordinateSystem.h; sourceTree = "<group>"; };
		21C0AD821EC1905500AB0250 /* OpenGLES_CoordinateSystem.m */ = {isa = PBXFileReference; fileEncoding = 4; lastKnownFileType = sourcecode.c.objc; path = OpenGLES_CoordinateSystem.m; sourceTree = "<group>"; };
		21C0AD841EC1933D00AB0250 /* CoordinateSystemFragment.glsl */ = {isa = PBXFileReference; fileEncoding = 4; lastKnownFileType = text; path = CoordinateSystemFragment.glsl; sourceTree = "<group>"; };
		21C0AD861EC1935300AB0250 /* CoordinateSystemVertex.glsl */ = {isa = PBXFileReference; fileEncoding = 4; lastKnownFileType = text; path = CoordinateSystemVertex.glsl; sourceTree = "<group>"; };
		21CCFBE21E6E91C100F3622D /* OpenGLES_Texture.h */ = {isa = PBXFileReference; fileEncoding = 4; lastKnownFileType = sourcecode.c.h; path = OpenGLES_Texture.h; sourceTree = "<group>"; };
		21CCFBE31E6E91C100F3622D /* OpenGLES_Texture.m */ = {isa = PBXFileReference; fileEncoding = 4; lastKnownFileType = sourcecode.c.objc; path = OpenGLES_Texture.m; sourceTree = "<group>"; };
		21CCFBE51E6E92E800F3622D /* TextureVertex.glsl */ = {isa = PBXFileReference; fileEncoding = 4; lastKnownFileType = text; path = TextureVertex.glsl; sourceTree = "<group>"; };
		21CCFBE71E6E92F600F3622D /* TextureFragment.glsl */ = {isa = PBXFileReference; fileEncoding = 4; lastKnownFileType = text; path = TextureFragment.glsl; sourceTree = "<group>"; };
		21CCFC241E6FB70A00F3622D /* Texture1.jpg */ = {isa = PBXFileReference; lastKnownFileType = image.jpeg; path = Texture1.jpg; sourceTree = "<group>"; };
		21CCFC271E6FE0A900F3622D /* TextureManager.h */ = {isa = PBXFileReference; fileEncoding = 4; lastKnownFileType = sourcecode.c.h; path = TextureManager.h; sourceTree = "<group>"; };
		21CCFC281E6FE0A900F3622D /* TextureManager.m */ = {isa = PBXFileReference; fileEncoding = 4; lastKnownFileType = sourcecode.c.objc; path = TextureManager.m; sourceTree = "<group>"; };
		21CCFC2E1E6FFDD600F3622D /* Texture2.jpg */ = {isa = PBXFileReference; lastKnownFileType = image.jpeg; path = Texture2.jpg; sourceTree = "<group>"; };
		21E9AADD1E5C2057006DD8D3 /* OpenGLES_Rectangle.h */ = {isa = PBXFileReference; fileEncoding = 4; lastKnownFileType = sourcecode.c.h; path = OpenGLES_Rectangle.h; sourceTree = "<group>"; };
		21E9AADE1E5C2057006DD8D3 /* OpenGLES_Rectangle.m */ = {isa = PBXFileReference; fileEncoding = 4; lastKnownFileType = sourcecode.c.objc; path = OpenGLES_Rectangle.m; sourceTree = "<group>"; };
		21E9AAE11E5C25F6006DD8D3 /* OpenGLES.framework */ = {isa = PBXFileReference; lastKnownFileType = wrapper.framework; name = OpenGLES.framework; path = System/Library/Frameworks/OpenGLES.framework; sourceTree = SDKROOT; };
		21E9AAE31E5C3BA1006DD8D3 /* RectangleVertex.glsl */ = {isa = PBXFileReference; fileEncoding = 4; lastKnownFileType = text; path = RectangleVertex.glsl; sourceTree = "<group>"; };
		21E9AAE51E5C3BC4006DD8D3 /* RectangleFragment.glsl */ = {isa = PBXFileReference; fileEncoding = 4; lastKnownFileType = text; path = RectangleFragment.glsl; sourceTree = "<group>"; };
		21F174821E7942A4008004B1 /* OpenGLES_Texture2.h */ = {isa = PBXFileReference; fileEncoding = 4; lastKnownFileType = sourcecode.c.h; path = OpenGLES_Texture2.h; sourceTree = "<group>"; };
		21F174831E7942A4008004B1 /* OpenGLES_Texture2.m */ = {isa = PBXFileReference; fileEncoding = 4; lastKnownFileType = sourcecode.c.objc; path = OpenGLES_Texture2.m; sourceTree = "<group>"; };
		21F174851E7948A2008004B1 /* Texture2Vertex.glsl */ = {isa = PBXFileReference; fileEncoding = 4; lastKnownFileType = text; path = Texture2Vertex.glsl; sourceTree = "<group>"; };
		21F174871E7948AF008004B1 /* Texture2Fragment.glsl */ = {isa = PBXFileReference; fileEncoding = 4; lastKnownFileType = text; path = Texture2Fragment.glsl; sourceTree = "<group>"; };
		21F1748B1E7956B2008004B1 /* Texture2_1.png */ = {isa = PBXFileReference; lastKnownFileType = image.png; path = Texture2_1.png; sourceTree = "<group>"; };
		21F174901E7A39E3008004B1 /* OpenGLES_Texture2_OperationView.h */ = {isa = PBXFileReference; fileEncoding = 4; lastKnownFileType = sourcecode.c.h; path = OpenGLES_Texture2_OperationView.h; sourceTree = "<group>"; };
		21F174911E7A39E3008004B1 /* OpenGLES_Texture2_OperationView.m */ = {isa = PBXFileReference; fileEncoding = 4; lastKnownFileType = sourcecode.c.objc; path = OpenGLES_Texture2_OperationView.m; sourceTree = "<group>"; };
		21F174931E7A3AD3008004B1 /* OpenGLES_Texture2_OperationView.xib */ = {isa = PBXFileReference; fileEncoding = 4; lastKnownFileType = file.xib; path = OpenGLES_Texture2_OperationView.xib; sourceTree = "<group>"; };
		21F174951E7AB7E2008004B1 /* Texture2_2.jpg */ = {isa = PBXFileReference; lastKnownFileType = image.jpeg; path = Texture2_2.jpg; sourceTree = "<group>"; };
		21F174981E7FB71F008004B1 /* OpenGLES_3DTransform.h */ = {isa = PBXFileReference; fileEncoding = 4; lastKnownFileType = sourcecode.c.h; path = OpenGLES_3DTransform.h; sourceTree = "<group>"; };
		21F174991E7FB71F008004B1 /* OpenGLES_3DTransform.m */ = {isa = PBXFileReference; fileEncoding = 4; lastKnownFileType = sourcecode.c.objc; path = OpenGLES_3DTransform.m; sourceTree = "<group>"; };
		21F1749B1E7FB74F008004B1 /* 3DTransformVertex.glsl */ = {isa = PBXFileReference; fileEncoding = 4; lastKnownFileType = text; path = 3DTransformVertex.glsl; sourceTree = "<group>"; };
		21F1749D1E7FB760008004B1 /* 3DTransformFragment.glsl */ = {isa = PBXFileReference; fileEncoding = 4; lastKnownFileType = text; path = 3DTransformFragment.glsl; sourceTree = "<group>"; };
		21F1749F1E7FFED0008004B1 /* GLKit.framework */ = {isa = PBXFileReference; lastKnownFileType = wrapper.framework; name = GLKit.framework; path = System/Library/Frameworks/GLKit.framework; sourceTree = SDKROOT; };
		21F174A11E800240008004B1 /* OpenGLES_3DTransform_OperationView.h */ = {isa = PBXFileReference; fileEncoding = 4; lastKnownFileType = sourcecode.c.h; path = OpenGLES_3DTransform_OperationView.h; sourceTree = "<group>"; };
		21F174A21E800240008004B1 /* OpenGLES_3DTransform_OperationView.m */ = {isa = PBXFileReference; fileEncoding = 4; lastKnownFileType = sourcecode.c.objc; path = OpenGLES_3DTransform_OperationView.m; sourceTree = "<group>"; };
		21F174A41E800247008004B1 /* OpenGLES_3DTransform_OperationView.xib */ = {isa = PBXFileReference; fileEncoding = 4; lastKnownFileType = file.xib; path = OpenGLES_3DTransform_OperationView.xib; sourceTree = "<group>"; };
/* End PBXFileReference section */

/* Begin PBXFrameworksBuildPhase section */
		216C68D81E5BF11600CD6BE6 /* Frameworks */ = {
			isa = PBXFrameworksBuildPhase;
			buildActionMask = 2147483647;
			files = (
				21F174A01E7FFED0008004B1 /* GLKit.framework in Frameworks */,
				21E9AAE21E5C25F6006DD8D3 /* OpenGLES.framework in Frameworks */,
			);
			runOnlyForDeploymentPostprocessing = 0;
		};
/* End PBXFrameworksBuildPhase section */

/* Begin PBXGroup section */
		216C68D21E5BF11600CD6BE6 = {
			isa = PBXGroup;
			children = (
				216C68DD1E5BF11600CD6BE6 /* LearnOpenGLES */,
				21E9AAE01E5C25E5006DD8D3 /* Frameworks */,
				216C68DC1E5BF11600CD6BE6 /* Products */,
			);
			sourceTree = "<group>";
		};
		216C68DC1E5BF11600CD6BE6 /* Products */ = {
			isa = PBXGroup;
			children = (
				216C68DB1E5BF11600CD6BE6 /* LearnOpenGLES.app */,
			);
			name = Products;
			sourceTree = "<group>";
		};
		216C68DD1E5BF11600CD6BE6 /* LearnOpenGLES */ = {
			isa = PBXGroup;
			children = (
				21CCFC261E6FDF0900F3622D /* Utils */,
				216C68E11E5BF11600CD6BE6 /* AppDelegate.h */,
				216C68E21E5BF11600CD6BE6 /* AppDelegate.m */,
				216C68F81E5BF12600CD6BE6 /* RootViewController.h */,
				216C68F91E5BF12600CD6BE6 /* RootViewController.m */,
				216C69001E5C1C7C00CD6BE6 /* ShowViewController.h */,
				216C69011E5C1C7C00CD6BE6 /* ShowViewController.m */,
				216C690D1E5C1E2100CD6BE6 /* ParentView.h */,
				216C690E1E5C1E2100CD6BE6 /* ParentView.m */,
				216C69091E5C1DE600CD6BE6 /* Rectangle */,
				21CCFBE11E6E91C100F3622D /* Texture */,
				21F174811E794292008004B1 /* Texture2 */,
				21F174971E7FB6F9008004B1 /* 3DTransform */,
				219517ED1E94A1B600A5D58B /* Texture3 */,
				21C0AD801EC1902C00AB0250 /* CoordinateSystem */,
				216C68E71E5BF11600CD6BE6 /* Main.storyboard */,
				216C68ED1E5BF11600CD6BE6 /* Assets.xcassets */,
				216C68EF1E5BF11600CD6BE6 /* LaunchScreen.storyboard */,
				216C68F21E5BF11600CD6BE6 /* Info.plist */,
				216C68EA1E5BF11600CD6BE6 /* LearnOpenGLES.xcdatamodeld */,
				216C68DE1E5BF11600CD6BE6 /* Supporting Files */,
			);
			path = LearnOpenGLES;
			sourceTree = "<group>";
		};
		216C68DE1E5BF11600CD6BE6 /* Supporting Files */ = {
			isa = PBXGroup;
			children = (
				216C68DF1E5BF11600CD6BE6 /* main.m */,
			);
			name = "Supporting Files";
			sourceTree = "<group>";
		};
		216C69091E5C1DE600CD6BE6 /* Rectangle */ = {
			isa = PBXGroup;
			children = (
				21E9AADD1E5C2057006DD8D3 /* OpenGLES_Rectangle.h */,
				21E9AADE1E5C2057006DD8D3 /* OpenGLES_Rectangle.m */,
				21E9AAE31E5C3BA1006DD8D3 /* RectangleVertex.glsl */,
				21E9AAE51E5C3BC4006DD8D3 /* RectangleFragment.glsl */,
			);
			path = Rectangle;
			sourceTree = "<group>";
		};
		219517ED1E94A1B600A5D58B /* Texture3 */ = {
			isa = PBXGroup;
			children = (
				219517FA1E94A1E000A5D58B /* OpenGLES_Texture3.h */,
				219517FB1E94A1E000A5D58B /* OpenGLES_Texture3.m */,
				219517FC1E94A1E000A5D58B /* Texture3Fragment.glsl */,
				219517FD1E94A1E000A5D58B /* Texture3Vertex.glsl */,
				219517EE1E94A1CE00A5D58B /* Texture3_1.png */,
				219517EF1E94A1CE00A5D58B /* Texture3_2.png */,
				219517F01E94A1CE00A5D58B /* Texture3_3.png */,
				219517F11E94A1CE00A5D58B /* Texture3_4.png */,
				219517F21E94A1CE00A5D58B /* Texture3_5.png */,
				219517F31E94A1CE00A5D58B /* Texture3_6.png */,
			);
			path = Texture3;
			sourceTree = "<group>";
		};
		21C0AD801EC1902C00AB0250 /* CoordinateSystem */ = {
			isa = PBXGroup;
			children = (
				21C0AD811EC1905500AB0250 /* OpenGLES_CoordinateSystem.h */,
				21C0AD821EC1905500AB0250 /* OpenGLES_CoordinateSystem.m */,
				2166794B1EC3FF5000D3A60D /* CoordinateSystemInfoView.h */,
				2166794C1EC3FF5000D3A60D /* CoordinateSystemInfoView.m */,
				2166794E1EC3FF5900D3A60D /* CoordinateSystemInfoView.xib */,
				21C0AD861EC1935300AB0250 /* CoordinateSystemVertex.glsl */,
				21C0AD841EC1933D00AB0250 /* CoordinateSystemFragment.glsl */,
				219EFEBE1EC31C310034C754 /* CoordinateSystem_1.jpg */,
				216679501EC55ADB00D3A60D /* CoordinateSystem_2.png */,
			);
			path = CoordinateSystem;
			sourceTree = "<group>";
		};
		21CCFBE11E6E91C100F3622D /* Texture */ = {
			isa = PBXGroup;
			children = (
				21CCFBE21E6E91C100F3622D /* OpenGLES_Texture.h */,
				21CCFBE31E6E91C100F3622D /* OpenGLES_Texture.m */,
				21CCFBE51E6E92E800F3622D /* TextureVertex.glsl */,
				21CCFBE71E6E92F600F3622D /* TextureFragment.glsl */,
				21CCFC241E6FB70A00F3622D /* Texture1.jpg */,
				21CCFC2E1E6FFDD600F3622D /* Texture2.jpg */,
			);
			path = Texture;
			sourceTree = "<group>";
		};
		21CCFC261E6FDF0900F3622D /* Utils */ = {
			isa = PBXGroup;
			children = (
				21CCFC271E6FE0A900F3622D /* TextureManager.h */,
				21CCFC281E6FE0A900F3622D /* TextureManager.m */,
			);
			path = Utils;
			sourceTree = "<group>";
		};
		21E9AAE01E5C25E5006DD8D3 /* Frameworks */ = {
			isa = PBXGroup;
			children = (
				21F1749F1E7FFED0008004B1 /* GLKit.framework */,
				21E9AAE11E5C25F6006DD8D3 /* OpenGLES.framework */,
			);
			path = Frameworks;
			sourceTree = "<group>";
		};
		21F174811E794292008004B1 /* Texture2 */ = {
			isa = PBXGroup;
			children = (
				21F174821E7942A4008004B1 /* OpenGLES_Texture2.h */,
				21F174831E7942A4008004B1 /* OpenGLES_Texture2.m */,
				21F174901E7A39E3008004B1 /* OpenGLES_Texture2_OperationView.h */,
				21F174911E7A39E3008004B1 /* OpenGLES_Texture2_OperationView.m */,
				21F174931E7A3AD3008004B1 /* OpenGLES_Texture2_OperationView.xib */,
				21F174851E7948A2008004B1 /* Texture2Vertex.glsl */,
				21F174871E7948AF008004B1 /* Texture2Fragment.glsl */,
				21F1748B1E7956B2008004B1 /* Texture2_1.png */,
				21F174951E7AB7E2008004B1 /* Texture2_2.jpg */,
			);
			path = Texture2;
			sourceTree = "<group>";
		};
		21F174971E7FB6F9008004B1 /* 3DTransform */ = {
			isa = PBXGroup;
			children = (
				21F174981E7FB71F008004B1 /* OpenGLES_3DTransform.h */,
				21F174991E7FB71F008004B1 /* OpenGLES_3DTransform.m */,
				21F174A11E800240008004B1 /* OpenGLES_3DTransform_OperationView.h */,
				21F174A21E800240008004B1 /* OpenGLES_3DTransform_OperationView.m */,
				21F174A41E800247008004B1 /* OpenGLES_3DTransform_OperationView.xib */,
				21F1749B1E7FB74F008004B1 /* 3DTransformVertex.glsl */,
				21F1749D1E7FB760008004B1 /* 3DTransformFragment.glsl */,
				218F68C51E839AEB0050FF5D /* 3DTransform_1.jpg */,
			);
			path = 3DTransform;
			sourceTree = "<group>";
		};
/* End PBXGroup section */

/* Begin PBXNativeTarget section */
		216C68DA1E5BF11600CD6BE6 /* LearnOpenGLES */ = {
			isa = PBXNativeTarget;
			buildConfigurationList = 216C68F51E5BF11600CD6BE6 /* Build configuration list for PBXNativeTarget "LearnOpenGLES" */;
			buildPhases = (
				216C68D71E5BF11600CD6BE6 /* Sources */,
				216C68D81E5BF11600CD6BE6 /* Frameworks */,
				216C68D91E5BF11600CD6BE6 /* Resources */,
			);
			buildRules = (
			);
			dependencies = (
			);
			name = LearnOpenGLES;
			productName = LearnOpenGLES;
			productReference = 216C68DB1E5BF11600CD6BE6 /* LearnOpenGLES.app */;
			productType = "com.apple.product-type.application";
		};
/* End PBXNativeTarget section */

/* Begin PBXProject section */
		216C68D31E5BF11600CD6BE6 /* Project object */ = {
			isa = PBXProject;
			attributes = {
				LastUpgradeCheck = 0810;
				ORGANIZATIONNAME = Justin910;
				TargetAttributes = {
					216C68DA1E5BF11600CD6BE6 = {
						CreatedOnToolsVersion = 8.1;
						DevelopmentTeam = W68N6MQ3M7;
						ProvisioningStyle = Automatic;
					};
				};
			};
			buildConfigurationList = 216C68D61E5BF11600CD6BE6 /* Build configuration list for PBXProject "LearnOpenGLES" */;
			compatibilityVersion = "Xcode 3.2";
			developmentRegion = English;
			hasScannedForEncodings = 0;
			knownRegions = (
				en,
				Base,
			);
			mainGroup = 216C68D21E5BF11600CD6BE6;
			productRefGroup = 216C68DC1E5BF11600CD6BE6 /* Products */;
			projectDirPath = "";
			projectRoot = "";
			targets = (
				216C68DA1E5BF11600CD6BE6 /* LearnOpenGLES */,
			);
		};
/* End PBXProject section */

/* Begin PBXResourcesBuildPhase section */
		216C68D91E5BF11600CD6BE6 /* Resources */ = {
			isa = PBXResourcesBuildPhase;
			buildActionMask = 2147483647;
			files = (
				21F174941E7A3AD3008004B1 /* OpenGLES_Texture2_OperationView.xib in Resources */,
				21E9AAE61E5C3BC4006DD8D3 /* RectangleFragment.glsl in Resources */,
				219517F91E94A1CE00A5D58B /* Texture3_6.png in Resources */,
				2166794F1EC3FF5900D3A60D /* CoordinateSystemInfoView.xib in Resources */,
				219517F41E94A1CE00A5D58B /* Texture3_1.png in Resources */,
				21CCFBE61E6E92E800F3622D /* TextureVertex.glsl in Resources */,
				21F174A51E800247008004B1 /* OpenGLES_3DTransform_OperationView.xib in Resources */,
				219517F61E94A1CE00A5D58B /* Texture3_3.png in Resources */,
				219517F71E94A1CE00A5D58B /* Texture3_4.png in Resources */,
				21F174861E7948A2008004B1 /* Texture2Vertex.glsl in Resources */,
				219517F51E94A1CE00A5D58B /* Texture3_2.png in Resources */,
				216679511EC55ADB00D3A60D /* CoordinateSystem_2.png in Resources */,
				219517FF1E94A1E000A5D58B /* Texture3Fragment.glsl in Resources */,
				216C68F11E5BF11600CD6BE6 /* LaunchScreen.storyboard in Resources */,
				216C68EE1E5BF11600CD6BE6 /* Assets.xcassets in Resources */,
				21C0AD851EC1933D00AB0250 /* CoordinateSystemFragment.glsl in Resources */,
				21C0AD871EC1935300AB0250 /* CoordinateSystemVertex.glsl in Resources */,
				21F1748C1E7956B2008004B1 /* Texture2_1.png in Resources */,
				219517F81E94A1CE00A5D58B /* Texture3_5.png in Resources */,
				219518001E94A1E000A5D58B /* Texture3Vertex.glsl in Resources */,
				21F174961E7AB7E2008004B1 /* Texture2_2.jpg in Resources */,
				21F1749C1E7FB74F008004B1 /* 3DTransformVertex.glsl in Resources */,
				216C68E91E5BF11600CD6BE6 /* Main.storyboard in Resources */,
				21CCFC251E6FB70A00F3622D /* Texture1.jpg in Resources */,
				21CCFC2F1E6FFDD600F3622D /* Texture2.jpg in Resources */,
				21CCFBE81E6E92F600F3622D /* TextureFragment.glsl in Resources */,
				21E9AAE41E5C3BA1006DD8D3 /* RectangleVertex.glsl in Resources */,
				218F68C61E839AEB0050FF5D /* 3DTransform_1.jpg in Resources */,
				21F174881E7948AF008004B1 /* Texture2Fragment.glsl in Resources */,
				219EFEBF1EC31C310034C754 /* CoordinateSystem_1.jpg in Resources */,
				21F1749E1E7FB760008004B1 /* 3DTransformFragment.glsl in Resources */,
			);
			runOnlyForDeploymentPostprocessing = 0;
		};
/* End PBXResourcesBuildPhase section */

/* Begin PBXSourcesBuildPhase section */
		216C68D71E5BF11600CD6BE6 /* Sources */ = {
			isa = PBXSourcesBuildPhase;
			buildActionMask = 2147483647;
			files = (
				21E9AADF1E5C2057006DD8D3 /* OpenGLES_Rectangle.m in Sources */,
				21F174841E7942A4008004B1 /* OpenGLES_Texture2.m in Sources */,
				216C68EC1E5BF11600CD6BE6 /* LearnOpenGLES.xcdatamodeld in Sources */,
				21F174A31E800240008004B1 /* OpenGLES_3DTransform_OperationView.m in Sources */,
				21CCFBE41E6E91C100F3622D /* OpenGLES_Texture.m in Sources */,
				21C0AD831EC1905500AB0250 /* OpenGLES_CoordinateSystem.m in Sources */,
				21F1749A1E7FB71F008004B1 /* OpenGLES_3DTransform.m in Sources */,
				21CCFC291E6FE0A900F3622D /* TextureManager.m in Sources */,
				21F174921E7A39E3008004B1 /* OpenGLES_Texture2_OperationView.m in Sources */,
				2166794D1EC3FF5000D3A60D /* CoordinateSystemInfoView.m in Sources */,
				216C68E31E5BF11600CD6BE6 /* AppDelegate.m in Sources */,
				216C68FA1E5BF12600CD6BE6 /* RootViewController.m in Sources */,
				219517FE1E94A1E000A5D58B /* OpenGLES_Texture3.m in Sources */,
				216C690F1E5C1E2100CD6BE6 /* ParentView.m in Sources */,
				216C68E01E5BF11600CD6BE6 /* main.m in Sources */,
				216C69021E5C1C7C00CD6BE6 /* ShowViewController.m in Sources */,
			);
			runOnlyForDeploymentPostprocessing = 0;
		};
/* End PBXSourcesBuildPhase section */

/* Begin PBXVariantGroup section */
		216C68E71E5BF11600CD6BE6 /* Main.storyboard */ = {
			isa = PBXVariantGroup;
			children = (
				216C68E81E5BF11600CD6BE6 /* Base */,
			);
			name = Main.storyboard;
			sourceTree = "<group>";
		};
		216C68EF1E5BF11600CD6BE6 /* LaunchScreen.storyboard */ = {
			isa = PBXVariantGroup;
			children = (
				216C68F01E5BF11600CD6BE6 /* Base */,
			);
			name = LaunchScreen.storyboard;
			sourceTree = "<group>";
		};
/* End PBXVariantGroup section */

/* Begin XCBuildConfiguration section */
		216C68F31E5BF11600CD6BE6 /* Debug */ = {
			isa = XCBuildConfiguration;
			buildSettings = {
				ALWAYS_SEARCH_USER_PATHS = NO;
				CLANG_ANALYZER_NONNULL = YES;
				CLANG_CXX_LANGUAGE_STANDARD = "gnu++0x";
				CLANG_CXX_LIBRARY = "libc++";
				CLANG_ENABLE_MODULES = YES;
				CLANG_ENABLE_OBJC_ARC = YES;
				CLANG_WARN_BOOL_CONVERSION = YES;
				CLANG_WARN_CONSTANT_CONVERSION = YES;
				CLANG_WARN_DIRECT_OBJC_ISA_USAGE = YES_ERROR;
				CLANG_WARN_DOCUMENTATION_COMMENTS = YES;
				CLANG_WARN_EMPTY_BODY = YES;
				CLANG_WARN_ENUM_CONVERSION = YES;
				CLANG_WARN_INFINITE_RECURSION = YES;
				CLANG_WARN_INT_CONVERSION = YES;
				CLANG_WARN_OBJC_ROOT_CLASS = YES_ERROR;
				CLANG_WARN_SUSPICIOUS_MOVES = YES;
				CLANG_WARN_UNREACHABLE_CODE = YES;
				CLANG_WARN__DUPLICATE_METHOD_MATCH = YES;
				"CODE_SIGN_IDENTITY[sdk=iphoneos*]" = "iPhone Developer";
				COPY_PHASE_STRIP = NO;
				DEBUG_INFORMATION_FORMAT = dwarf;
				ENABLE_STRICT_OBJC_MSGSEND = YES;
				ENABLE_TESTABILITY = YES;
				GCC_C_LANGUAGE_STANDARD = gnu99;
				GCC_DYNAMIC_NO_PIC = NO;
				GCC_NO_COMMON_BLOCKS = YES;
				GCC_OPTIMIZATION_LEVEL = 0;
				GCC_PREPROCESSOR_DEFINITIONS = (
					"DEBUG=1",
					"$(inherited)",
				);
				GCC_WARN_64_TO_32_BIT_CONVERSION = YES;
				GCC_WARN_ABOUT_RETURN_TYPE = YES_ERROR;
				GCC_WARN_UNDECLARED_SELECTOR = YES;
				GCC_WARN_UNINITIALIZED_AUTOS = YES_AGGRESSIVE;
				GCC_WARN_UNUSED_FUNCTION = YES;
				GCC_WARN_UNUSED_VARIABLE = YES;
				IPHONEOS_DEPLOYMENT_TARGET = 10.1;
				MTL_ENABLE_DEBUG_INFO = YES;
				ONLY_ACTIVE_ARCH = YES;
				SDKROOT = iphoneos;
			};
			name = Debug;
		};
		216C68F41E5BF11600CD6BE6 /* Release */ = {
			isa = XCBuildConfiguration;
			buildSettings = {
				ALWAYS_SEARCH_USER_PATHS = NO;
				CLANG_ANALYZER_NONNULL = YES;
				CLANG_CXX_LANGUAGE_STANDARD = "gnu++0x";
				CLANG_CXX_LIBRARY = "libc++";
				CLANG_ENABLE_MODULES = YES;
				CLANG_ENABLE_OBJC_ARC = YES;
				CLANG_WARN_BOOL_CONVERSION = YES;
				CLANG_WARN_CONSTANT_CONVERSION = YES;
				CLANG_WARN_DIRECT_OBJC_ISA_USAGE = YES_ERROR;
				CLANG_WARN_DOCUMENTATION_COMMENTS = YES;
				CLANG_WARN_EMPTY_BODY = YES;
				CLANG_WARN_ENUM_CONVERSION = YES;
				CLANG_WARN_INFINITE_RECURSION = YES;
				CLANG_WARN_INT_CONVERSION = YES;
				CLANG_WARN_OBJC_ROOT_CLASS = YES_ERROR;
				CLANG_WARN_SUSPICIOUS_MOVES = YES;
				CLANG_WARN_UNREACHABLE_CODE = YES;
				CLANG_WARN__DUPLICATE_METHOD_MATCH = YES;
				"CODE_SIGN_IDENTITY[sdk=iphoneos*]" = "iPhone Developer";
				COPY_PHASE_STRIP = NO;
				DEBUG_INFORMATION_FORMAT = "dwarf-with-dsym";
				ENABLE_NS_ASSERTIONS = NO;
				ENABLE_STRICT_OBJC_MSGSEND = YES;
				GCC_C_LANGUAGE_STANDARD = gnu99;
				GCC_NO_COMMON_BLOCKS = YES;
				GCC_WARN_64_TO_32_BIT_CONVERSION = YES;
				GCC_WARN_ABOUT_RETURN_TYPE = YES_ERROR;
				GCC_WARN_UNDECLARED_SELECTOR = YES;
				GCC_WARN_UNINITIALIZED_AUTOS = YES_AGGRESSIVE;
				GCC_WARN_UNUSED_FUNCTION = YES;
				GCC_WARN_UNUSED_VARIABLE = YES;
				IPHONEOS_DEPLOYMENT_TARGET = 10.1;
				MTL_ENABLE_DEBUG_INFO = NO;
				SDKROOT = iphoneos;
				VALIDATE_PRODUCT = YES;
			};
			name = Release;
		};
		216C68F61E5BF11600CD6BE6 /* Debug */ = {
			isa = XCBuildConfiguration;
			buildSettings = {
				ASSETCATALOG_COMPILER_APPICON_NAME = AppIcon;
				DEVELOPMENT_TEAM = W68N6MQ3M7;
				INFOPLIST_FILE = LearnOpenGLES/Info.plist;
				IPHONEOS_DEPLOYMENT_TARGET = 10.2;
				LD_RUNPATH_SEARCH_PATHS = "$(inherited) @executable_path/Frameworks";
				PRODUCT_BUNDLE_IDENTIFIER = com.co.LearnOpenGLES;
				PRODUCT_NAME = "$(TARGET_NAME)";
			};
			name = Debug;
		};
		216C68F71E5BF11600CD6BE6 /* Release */ = {
			isa = XCBuildConfiguration;
			buildSettings = {
				ASSETCATALOG_COMPILER_APPICON_NAME = AppIcon;
				DEVELOPMENT_TEAM = W68N6MQ3M7;
				INFOPLIST_FILE = LearnOpenGLES/Info.plist;
				IPHONEOS_DEPLOYMENT_TARGET = 10.2;
				LD_RUNPATH_SEARCH_PATHS = "$(inherited) @executable_path/Frameworks";
				PRODUCT_BUNDLE_IDENTIFIER = com.co.LearnOpenGLES;
				PRODUCT_NAME = "$(TARGET_NAME)";
			};
			name = Release;
		};
/* End XCBuildConfiguration section */

/* Begin XCConfigurationList section */
		216C68D61E5BF11600CD6BE6 /* Build configuration list for PBXProject "LearnOpenGLES" */ = {
			isa = XCConfigurationList;
			buildConfigurations = (
				216C68F31E5BF11600CD6BE6 /* Debug */,
				216C68F41E5BF11600CD6BE6 /* Release */,
			);
			defaultConfigurationIsVisible = 0;
			defaultConfigurationName = Release;
		};
		216C68F51E5BF11600CD6BE6 /* Build configuration list for PBXNativeTarget "LearnOpenGLES" */ = {
			isa = XCConfigurationList;
			buildConfigurations = (
				216C68F61E5BF11600CD6BE6 /* Debug */,
				216C68F71E5BF11600CD6BE6 /* Release */,
			);
			defaultConfigurationIsVisible = 0;
			defaultConfigurationName = Release;
		};
/* End XCConfigurationList section */

/* Begin XCVersionGroup section */
		216C68EA1E5BF11600CD6BE6 /* LearnOpenGLES.xcdatamodeld */ = {
			isa = XCVersionGroup;
			children = (
				216C68EB1E5BF11600CD6BE6 /* LearnOpenGLES.xcdatamodel */,
			);
			currentVersion = 216C68EB1E5BF11600CD6BE6 /* LearnOpenGLES.xcdatamodel */;
			path = LearnOpenGLES.xcdatamodeld;
			sourceTree = "<group>";
			versionGroupType = wrapper.xcdatamodel;
		};
/* End XCVersionGroup section */
	};
	rootObject = 216C68D31E5BF11600CD6BE6 /* Project object */;
}
